
Microsoft Visual Studio Solution File, Format Version 12.00
# Visual Studio 15
Project("{FAE04EC0-301F-11D3-BF4B-00C04F79EFBC}") = "cash-register", "cash-register.csproj", "{96D4E906-74CF-4AE2-854F-C1ED19360055}"
EndProject
Global
	GlobalSection(SolutionConfigurationPlatforms) = preSolution
		Debug|Any CPU = Debug|Any CPU
		Release|Any CPU = Release|Any CPU
	EndGlobalSection
	GlobalSection(ProjectConfigurationPlatforms) = postSolution
		{96D4E906-74CF-4AE2-854F-C1ED19360055}.Debug|Any CPU.ActiveCfg = Debug|Any CPU
		{96D4E906-74CF-4AE2-854F-C1ED19360055}.Debug|Any CPU.Build.0 = Debug|Any CPU
		{96D4E906-74CF-4AE2-854F-C1ED19360055}.Release|Any CPU.ActiveCfg = Release|Any CPU
		{96D4E906-74CF-4AE2-854F-C1ED19360055}.Release|Any CPU.Build.0 = Release|Any CPU
	EndGlobalSection
EndGlobal
